// !$*UTF8*$!
{
	archiveVersion = 1;
	classes = {
	};
	objectVersion = 50;
	objects = {

/* Begin PBXBuildFile section */
		3C4AD6FB2294F60A002188AD /* BreweryManager.swift in Sources */ = {isa = PBXBuildFile; fileRef = 3C4AD6FA2294F60A002188AD /* BreweryManager.swift */; };
		3C4AD6FD2295B0D0002188AD /* MapLocationViewModel.swift in Sources */ = {isa = PBXBuildFile; fileRef = 3C4AD6FC2295B0D0002188AD /* MapLocationViewModel.swift */; };
		3C4AD6FF229743EB002188AD /* BRRequest.swift in Sources */ = {isa = PBXBuildFile; fileRef = 3C4AD6FE229743EB002188AD /* BRRequest.swift */; };
		3C4EE0C022AB013200F35DEF /* GroupedCell.swift in Sources */ = {isa = PBXBuildFile; fileRef = 3C4EE0BA22AB013200F35DEF /* GroupedCell.swift */; };
		3C4EE0C122AB013200F35DEF /* GroupedFooterSection.swift in Sources */ = {isa = PBXBuildFile; fileRef = 3C4EE0BB22AB013200F35DEF /* GroupedFooterSection.swift */; };
		3C4EE0C222AB013200F35DEF /* GroupedHeaderSection.swift in Sources */ = {isa = PBXBuildFile; fileRef = 3C4EE0BC22AB013200F35DEF /* GroupedHeaderSection.swift */; };
		3C4EE0C322AB013200F35DEF /* GroupedHeaderSection.xib in Resources */ = {isa = PBXBuildFile; fileRef = 3C4EE0BD22AB013200F35DEF /* GroupedHeaderSection.xib */; };
		3C4EE0C422AB013200F35DEF /* GroupedFooterSection.xib in Resources */ = {isa = PBXBuildFile; fileRef = 3C4EE0BE22AB013200F35DEF /* GroupedFooterSection.xib */; };
		3C4EE0C722AB020200F35DEF /* TextFieldCell.swift in Sources */ = {isa = PBXBuildFile; fileRef = 3C4EE0C522AB020200F35DEF /* TextFieldCell.swift */; };
		3C4EE0C822AB020200F35DEF /* TextFieldCell.xib in Resources */ = {isa = PBXBuildFile; fileRef = 3C4EE0C622AB020200F35DEF /* TextFieldCell.xib */; };
		3C4EE0CE22AB021D00F35DEF /* TextViewCell.xib in Resources */ = {isa = PBXBuildFile; fileRef = 3C4EE0C922AB021C00F35DEF /* TextViewCell.xib */; };
		3C4EE0CF22AB021D00F35DEF /* TextCellViewModelDelegate.swift in Sources */ = {isa = PBXBuildFile; fileRef = 3C4EE0CA22AB021D00F35DEF /* TextCellViewModelDelegate.swift */; };
		3C4EE0D022AB021D00F35DEF /* TextCellRouterProtocol.swift in Sources */ = {isa = PBXBuildFile; fileRef = 3C4EE0CB22AB021D00F35DEF /* TextCellRouterProtocol.swift */; };
		3C4EE0D122AB021D00F35DEF /* TextViewCell.swift in Sources */ = {isa = PBXBuildFile; fileRef = 3C4EE0CC22AB021D00F35DEF /* TextViewCell.swift */; };
		3C4EE0D222AB021D00F35DEF /* TextCellViewModel.swift in Sources */ = {isa = PBXBuildFile; fileRef = 3C4EE0CD22AB021D00F35DEF /* TextCellViewModel.swift */; };
		3C4EE0D422AB0ADC00F35DEF /* JournalEntry.swift in Sources */ = {isa = PBXBuildFile; fileRef = 3C4EE0D322AB0ADC00F35DEF /* JournalEntry.swift */; };
		3C4EE0D622AC200900F35DEF /* JournalCreateCoordinatorProtocol.swift in Sources */ = {isa = PBXBuildFile; fileRef = 3C4EE0D522AC200900F35DEF /* JournalCreateCoordinatorProtocol.swift */; };
		3C4EE0D822B03D9C00F35DEF /* Localizable.swift in Sources */ = {isa = PBXBuildFile; fileRef = 3C4EE0D722B03D9C00F35DEF /* Localizable.swift */; };
		3C4EE0DB22B040A400F35DEF /* BeerMeStrings.swift in Sources */ = {isa = PBXBuildFile; fileRef = 3C4EE0DA22B040A400F35DEF /* BeerMeStrings.swift */; };
		3C4EE0DD22B0418D00F35DEF /* Localizable.strings in Resources */ = {isa = PBXBuildFile; fileRef = 3C4EE0DC22B0418D00F35DEF /* Localizable.strings */; };
		3C6C619622A8D8AB005C2AA7 /* UIApplication+Utils.swift in Sources */ = {isa = PBXBuildFile; fileRef = 3C6C619522A8D8AB005C2AA7 /* UIApplication+Utils.swift */; };
		3C6C619A22A9996F005C2AA7 /* JournalCreateViewController.swift in Sources */ = {isa = PBXBuildFile; fileRef = 3C6C619822A9996F005C2AA7 /* JournalCreateViewController.swift */; };
		3C6C619B22A9996F005C2AA7 /* JournalCreateViewController.xib in Resources */ = {isa = PBXBuildFile; fileRef = 3C6C619922A9996F005C2AA7 /* JournalCreateViewController.xib */; };
		3C6C619D22A99982005C2AA7 /* JournalCreateViewModel.swift in Sources */ = {isa = PBXBuildFile; fileRef = 3C6C619C22A99982005C2AA7 /* JournalCreateViewModel.swift */; };
		3CAC343F2288CA2C005826FE /* AppDelegate.swift in Sources */ = {isa = PBXBuildFile; fileRef = 3CAC343E2288CA2C005826FE /* AppDelegate.swift */; };
		3CAC34462288CA2F005826FE /* Assets.xcassets in Resources */ = {isa = PBXBuildFile; fileRef = 3CAC34452288CA2F005826FE /* Assets.xcassets */; };
		3CAC34492288CA2F005826FE /* LaunchScreen.storyboard in Resources */ = {isa = PBXBuildFile; fileRef = 3CAC34472288CA2F005826FE /* LaunchScreen.storyboard */; };
		3CAC34612288D592005826FE /* MapViewController.swift in Sources */ = {isa = PBXBuildFile; fileRef = 3CAC345F2288D592005826FE /* MapViewController.swift */; };
		3CAC34622288D592005826FE /* MapViewController.xib in Resources */ = {isa = PBXBuildFile; fileRef = 3CAC34602288D592005826FE /* MapViewController.xib */; };
		3CAC34642288D5A1005826FE /* MapViewModel.swift in Sources */ = {isa = PBXBuildFile; fileRef = 3CAC34632288D5A1005826FE /* MapViewModel.swift */; };
		3CB48FF9228B9047002307C9 /* DataStore.swift in Sources */ = {isa = PBXBuildFile; fileRef = 3CB48FF8228B9047002307C9 /* DataStore.swift */; };
		3CB48FFE228BA795002307C9 /* AppCoordinator.swift in Sources */ = {isa = PBXBuildFile; fileRef = 3CB48FFD228BA795002307C9 /* AppCoordinator.swift */; };
		3CB49003228CF344002307C9 /* MapCoordinator.swift in Sources */ = {isa = PBXBuildFile; fileRef = 3CB49002228CF344002307C9 /* MapCoordinator.swift */; };
		3CB49005228E6E9D002307C9 /* AppEnvironment.swift in Sources */ = {isa = PBXBuildFile; fileRef = 3CB49004228E6E9D002307C9 /* AppEnvironment.swift */; };
		3CB4900A228E71D6002307C9 /* LocationServices.swift in Sources */ = {isa = PBXBuildFile; fileRef = 3CB49009228E71D6002307C9 /* LocationServices.swift */; };
		3CB4900C2291F54E002307C9 /* AppSettings.swift in Sources */ = {isa = PBXBuildFile; fileRef = 3CB4900B2291F54E002307C9 /* AppSettings.swift */; };
		3CB4900E2291F8FB002307C9 /* Brewery.swift in Sources */ = {isa = PBXBuildFile; fileRef = 3CB4900D2291F8FB002307C9 /* Brewery.swift */; };
		3CC2A10A229C54F6009E9522 /* Bond.framework in Frameworks */ = {isa = PBXBuildFile; fileRef = 3CC2A109229C54F6009E9522 /* Bond.framework */; };
		3CC2A10C229C550A009E9522 /* Differ.framework in Frameworks */ = {isa = PBXBuildFile; fileRef = 3CC2A10B229C550A009E9522 /* Differ.framework */; };
		3CC2A10E229C5512009E9522 /* ReactiveKit.framework in Frameworks */ = {isa = PBXBuildFile; fileRef = 3CC2A10D229C5512009E9522 /* ReactiveKit.framework */; };
		3CC2A112229E1063009E9522 /* LocationManager.swift in Sources */ = {isa = PBXBuildFile; fileRef = 3CC2A111229E1063009E9522 /* LocationManager.swift */; };
		3CC2A115229E1837009E9522 /* Notifications+Name.swift in Sources */ = {isa = PBXBuildFile; fileRef = 3CC2A114229E1837009E9522 /* Notifications+Name.swift */; };
		3CC2A119229F6335009E9522 /* UIViewController+Utils.swift in Sources */ = {isa = PBXBuildFile; fileRef = 3CC2A118229F6334009E9522 /* UIViewController+Utils.swift */; };
		3CC2A121229F6DEB009E9522 /* TabBarMenuController.swift in Sources */ = {isa = PBXBuildFile; fileRef = 3CC2A11F229F6DEB009E9522 /* TabBarMenuController.swift */; };
		3CC2A122229F6DEB009E9522 /* TabBarMenuController.xib in Resources */ = {isa = PBXBuildFile; fileRef = 3CC2A120229F6DEB009E9522 /* TabBarMenuController.xib */; };
		3CC2A126229F720D009E9522 /* BRCoordinator.swift in Sources */ = {isa = PBXBuildFile; fileRef = 3CC2A125229F720D009E9522 /* BRCoordinator.swift */; };
		3CC2A129229F7FFF009E9522 /* TabBarMenuCoordinator.swift in Sources */ = {isa = PBXBuildFile; fileRef = 3CC2A128229F7FFF009E9522 /* TabBarMenuCoordinator.swift */; };
		3CC2A12B229F843F009E9522 /* TabBarMenuViewModel.swift in Sources */ = {isa = PBXBuildFile; fileRef = 3CC2A12A229F843F009E9522 /* TabBarMenuViewModel.swift */; };
		3CC2A12F22A0603E009E9522 /* BRNavigationController.swift in Sources */ = {isa = PBXBuildFile; fileRef = 3CC2A12E22A0603E009E9522 /* BRNavigationController.swift */; };
		3CC2A13122A08B51009E9522 /* UIColor+Utils.swift in Sources */ = {isa = PBXBuildFile; fileRef = 3CC2A13022A08B51009E9522 /* UIColor+Utils.swift */; };
		3CC2A13422A0BFD5009E9522 /* JournalCoordinator.swift in Sources */ = {isa = PBXBuildFile; fileRef = 3CC2A13322A0BFD5009E9522 /* JournalCoordinator.swift */; };
		3CC2A13722A0C022009E9522 /* JournalViewController.swift in Sources */ = {isa = PBXBuildFile; fileRef = 3CC2A13522A0C022009E9522 /* JournalViewController.swift */; };
		3CC2A13822A0C022009E9522 /* JournalViewController.xib in Resources */ = {isa = PBXBuildFile; fileRef = 3CC2A13622A0C022009E9522 /* JournalViewController.xib */; };
		3CC2A13A22A0C030009E9522 /* JournalViewModel.swift in Sources */ = {isa = PBXBuildFile; fileRef = 3CC2A13922A0C030009E9522 /* JournalViewModel.swift */; };
		3CC2A13C22A231D0009E9522 /* BRTabBarController.swift in Sources */ = {isa = PBXBuildFile; fileRef = 3CC2A13B22A231D0009E9522 /* BRTabBarController.swift */; };
		3CC2A13E22A2340F009E9522 /* BRViewController.swift in Sources */ = {isa = PBXBuildFile; fileRef = 3CC2A13D22A2340F009E9522 /* BRViewController.swift */; };
		3CC2A14122A2E3BC009E9522 /* EntryViewModel.swift in Sources */ = {isa = PBXBuildFile; fileRef = 3CC2A14022A2E3BC009E9522 /* EntryViewModel.swift */; };
		3CC2A14922A45DE8009E9522 /* ReusableView.swift in Sources */ = {isa = PBXBuildFile; fileRef = 3CC2A14822A45DE8009E9522 /* ReusableView.swift */; };
		3CC2A14B22A47E14009E9522 /* NibLoadable.swift in Sources */ = {isa = PBXBuildFile; fileRef = 3CC2A14A22A47E14009E9522 /* NibLoadable.swift */; };
		3CC2A14D22A4AEB9009E9522 /* UICollectionView+Utils.swift in Sources */ = {isa = PBXBuildFile; fileRef = 3CC2A14C22A4AEB9009E9522 /* UICollectionView+Utils.swift */; };
		3CC2A15022A4B093009E9522 /* EntryCell.swift in Sources */ = {isa = PBXBuildFile; fileRef = 3CC2A14E22A4B093009E9522 /* EntryCell.swift */; };
		3CC2A15122A4B093009E9522 /* EntryCell.xib in Resources */ = {isa = PBXBuildFile; fileRef = 3CC2A14F22A4B093009E9522 /* EntryCell.xib */; };
		3CC2A16322A58879009E9522 /* ResizableView.swift in Sources */ = {isa = PBXBuildFile; fileRef = 3CC2A16222A58878009E9522 /* ResizableView.swift */; };
		3CCB8B60228A518A0047C609 /* BRServices.swift in Sources */ = {isa = PBXBuildFile; fileRef = 3CCB8B5F228A518A0047C609 /* BRServices.swift */; };
		3CCB8B64228A58D20047C609 /* Alamofire.framework in Frameworks */ = {isa = PBXBuildFile; fileRef = 3CCB8B63228A58D20047C609 /* Alamofire.framework */; };
		3CD7006522B70B0700900FD3 /* BRViewModel.swift in Sources */ = {isa = PBXBuildFile; fileRef = 3CD7006422B70B0700900FD3 /* BRViewModel.swift */; };
		3CD7006F22B9646800900FD3 /* BeerMeTests.swift in Sources */ = {isa = PBXBuildFile; fileRef = 3CD7006E22B9646800900FD3 /* BeerMeTests.swift */; };
		3CD7007722B964DF00900FD3 /* BRUnitTest.swift in Sources */ = {isa = PBXBuildFile; fileRef = 3CD7007622B964DF00900FD3 /* BRUnitTest.swift */; };
		3CD7007B22B9E2DB00900FD3 /* MockDataStore.swift in Sources */ = {isa = PBXBuildFile; fileRef = 3CD7007A22B9E2DB00900FD3 /* MockDataStore.swift */; };
		3CD7007D22B9E45200900FD3 /* MockJournalCoordinator.swift in Sources */ = {isa = PBXBuildFile; fileRef = 3CD7007C22B9E45200900FD3 /* MockJournalCoordinator.swift */; };
		3CD7007F22BA83C400900FD3 /* HTTPHeaderFields.swift in Sources */ = {isa = PBXBuildFile; fileRef = 3CD7007E22BA83C400900FD3 /* HTTPHeaderFields.swift */; };
/* End PBXBuildFile section */

/* Begin PBXContainerItemProxy section */
		3CD7007122B9646800900FD3 /* PBXContainerItemProxy */ = {
			isa = PBXContainerItemProxy;
			containerPortal = 3CAC34332288CA2B005826FE /* Project object */;
			proxyType = 1;
			remoteGlobalIDString = 3CAC343A2288CA2C005826FE;
			remoteInfo = BeerMe;
		};
/* End PBXContainerItemProxy section */

/* Begin PBXFileReference section */
		3C4AD6FA2294F60A002188AD /* BreweryManager.swift */ = {isa = PBXFileReference; lastKnownFileType = sourcecode.swift; path = BreweryManager.swift; sourceTree = "<group>"; };
		3C4AD6FC2295B0D0002188AD /* MapLocationViewModel.swift */ = {isa = PBXFileReference; lastKnownFileType = sourcecode.swift; name = MapLocationViewModel.swift; path = ../MapLocationViewModel.swift; sourceTree = "<group>"; };
		3C4AD6FE229743EB002188AD /* BRRequest.swift */ = {isa = PBXFileReference; lastKnownFileType = sourcecode.swift; path = BRRequest.swift; sourceTree = "<group>"; };
		3C4EE0BA22AB013200F35DEF /* GroupedCell.swift */ = {isa = PBXFileReference; fileEncoding = 4; lastKnownFileType = sourcecode.swift; path = GroupedCell.swift; sourceTree = "<group>"; };
		3C4EE0BB22AB013200F35DEF /* GroupedFooterSection.swift */ = {isa = PBXFileReference; fileEncoding = 4; lastKnownFileType = sourcecode.swift; path = GroupedFooterSection.swift; sourceTree = "<group>"; };
		3C4EE0BC22AB013200F35DEF /* GroupedHeaderSection.swift */ = {isa = PBXFileReference; fileEncoding = 4; lastKnownFileType = sourcecode.swift; path = GroupedHeaderSection.swift; sourceTree = "<group>"; };
		3C4EE0BD22AB013200F35DEF /* GroupedHeaderSection.xib */ = {isa = PBXFileReference; fileEncoding = 4; lastKnownFileType = file.xib; path = GroupedHeaderSection.xib; sourceTree = "<group>"; };
		3C4EE0BE22AB013200F35DEF /* GroupedFooterSection.xib */ = {isa = PBXFileReference; fileEncoding = 4; lastKnownFileType = file.xib; path = GroupedFooterSection.xib; sourceTree = "<group>"; };
		3C4EE0C522AB020200F35DEF /* TextFieldCell.swift */ = {isa = PBXFileReference; fileEncoding = 4; lastKnownFileType = sourcecode.swift; path = TextFieldCell.swift; sourceTree = "<group>"; };
		3C4EE0C622AB020200F35DEF /* TextFieldCell.xib */ = {isa = PBXFileReference; fileEncoding = 4; lastKnownFileType = file.xib; path = TextFieldCell.xib; sourceTree = "<group>"; };
		3C4EE0C922AB021C00F35DEF /* TextViewCell.xib */ = {isa = PBXFileReference; fileEncoding = 4; lastKnownFileType = file.xib; path = TextViewCell.xib; sourceTree = "<group>"; };
		3C4EE0CA22AB021D00F35DEF /* TextCellViewModelDelegate.swift */ = {isa = PBXFileReference; fileEncoding = 4; lastKnownFileType = sourcecode.swift; path = TextCellViewModelDelegate.swift; sourceTree = "<group>"; };
		3C4EE0CB22AB021D00F35DEF /* TextCellRouterProtocol.swift */ = {isa = PBXFileReference; fileEncoding = 4; lastKnownFileType = sourcecode.swift; path = TextCellRouterProtocol.swift; sourceTree = "<group>"; };
		3C4EE0CC22AB021D00F35DEF /* TextViewCell.swift */ = {isa = PBXFileReference; fileEncoding = 4; lastKnownFileType = sourcecode.swift; path = TextViewCell.swift; sourceTree = "<group>"; };
		3C4EE0CD22AB021D00F35DEF /* TextCellViewModel.swift */ = {isa = PBXFileReference; fileEncoding = 4; lastKnownFileType = sourcecode.swift; path = TextCellViewModel.swift; sourceTree = "<group>"; };
		3C4EE0D322AB0ADC00F35DEF /* JournalEntry.swift */ = {isa = PBXFileReference; lastKnownFileType = sourcecode.swift; path = JournalEntry.swift; sourceTree = "<group>"; };
		3C4EE0D522AC200900F35DEF /* JournalCreateCoordinatorProtocol.swift */ = {isa = PBXFileReference; lastKnownFileType = sourcecode.swift; path = JournalCreateCoordinatorProtocol.swift; sourceTree = "<group>"; };
		3C4EE0D722B03D9C00F35DEF /* Localizable.swift */ = {isa = PBXFileReference; lastKnownFileType = sourcecode.swift; path = Localizable.swift; sourceTree = "<group>"; };
		3C4EE0DA22B040A400F35DEF /* BeerMeStrings.swift */ = {isa = PBXFileReference; lastKnownFileType = sourcecode.swift; path = BeerMeStrings.swift; sourceTree = "<group>"; };
		3C4EE0DC22B0418D00F35DEF /* Localizable.strings */ = {isa = PBXFileReference; lastKnownFileType = text.plist.strings; path = Localizable.strings; sourceTree = "<group>"; };
		3C6C619522A8D8AB005C2AA7 /* UIApplication+Utils.swift */ = {isa = PBXFileReference; lastKnownFileType = sourcecode.swift; path = "UIApplication+Utils.swift"; sourceTree = "<group>"; };
		3C6C619822A9996F005C2AA7 /* JournalCreateViewController.swift */ = {isa = PBXFileReference; lastKnownFileType = sourcecode.swift; path = JournalCreateViewController.swift; sourceTree = "<group>"; };
		3C6C619922A9996F005C2AA7 /* JournalCreateViewController.xib */ = {isa = PBXFileReference; lastKnownFileType = file.xib; path = JournalCreateViewController.xib; sourceTree = "<group>"; };
		3C6C619C22A99982005C2AA7 /* JournalCreateViewModel.swift */ = {isa = PBXFileReference; lastKnownFileType = sourcecode.swift; path = JournalCreateViewModel.swift; sourceTree = "<group>"; };
		3CAC343B2288CA2C005826FE /* BeerMe.app */ = {isa = PBXFileReference; explicitFileType = wrapper.application; includeInIndex = 0; path = BeerMe.app; sourceTree = BUILT_PRODUCTS_DIR; };
		3CAC343E2288CA2C005826FE /* AppDelegate.swift */ = {isa = PBXFileReference; lastKnownFileType = sourcecode.swift; path = AppDelegate.swift; sourceTree = "<group>"; };
		3CAC34452288CA2F005826FE /* Assets.xcassets */ = {isa = PBXFileReference; lastKnownFileType = folder.assetcatalog; path = Assets.xcassets; sourceTree = "<group>"; };
		3CAC34482288CA2F005826FE /* Base */ = {isa = PBXFileReference; lastKnownFileType = file.storyboard; name = Base; path = Base.lproj/LaunchScreen.storyboard; sourceTree = "<group>"; };
		3CAC344A2288CA2F005826FE /* Info.plist */ = {isa = PBXFileReference; lastKnownFileType = text.plist.xml; path = Info.plist; sourceTree = "<group>"; };
		3CAC345F2288D592005826FE /* MapViewController.swift */ = {isa = PBXFileReference; lastKnownFileType = sourcecode.swift; path = MapViewController.swift; sourceTree = "<group>"; };
		3CAC34602288D592005826FE /* MapViewController.xib */ = {isa = PBXFileReference; lastKnownFileType = file.xib; path = MapViewController.xib; sourceTree = "<group>"; };
		3CAC34632288D5A1005826FE /* MapViewModel.swift */ = {isa = PBXFileReference; lastKnownFileType = sourcecode.swift; path = MapViewModel.swift; sourceTree = "<group>"; };
		3CB48FF8228B9047002307C9 /* DataStore.swift */ = {isa = PBXFileReference; lastKnownFileType = sourcecode.swift; path = DataStore.swift; sourceTree = "<group>"; };
		3CB48FFD228BA795002307C9 /* AppCoordinator.swift */ = {isa = PBXFileReference; lastKnownFileType = sourcecode.swift; path = AppCoordinator.swift; sourceTree = "<group>"; };
		3CB49002228CF344002307C9 /* MapCoordinator.swift */ = {isa = PBXFileReference; lastKnownFileType = sourcecode.swift; path = MapCoordinator.swift; sourceTree = "<group>"; };
		3CB49004228E6E9D002307C9 /* AppEnvironment.swift */ = {isa = PBXFileReference; lastKnownFileType = sourcecode.swift; path = AppEnvironment.swift; sourceTree = "<group>"; };
		3CB49009228E71D6002307C9 /* LocationServices.swift */ = {isa = PBXFileReference; lastKnownFileType = sourcecode.swift; path = LocationServices.swift; sourceTree = "<group>"; };
		3CB4900B2291F54E002307C9 /* AppSettings.swift */ = {isa = PBXFileReference; lastKnownFileType = sourcecode.swift; path = AppSettings.swift; sourceTree = "<group>"; };
		3CB4900D2291F8FB002307C9 /* Brewery.swift */ = {isa = PBXFileReference; lastKnownFileType = sourcecode.swift; path = Brewery.swift; sourceTree = "<group>"; };
		3CC2A109229C54F6009E9522 /* Bond.framework */ = {isa = PBXFileReference; lastKnownFileType = wrapper.framework; name = Bond.framework; path = Carthage/Build/iOS/Bond.framework; sourceTree = "<group>"; };
		3CC2A10B229C550A009E9522 /* Differ.framework */ = {isa = PBXFileReference; lastKnownFileType = wrapper.framework; name = Differ.framework; path = Carthage/Build/iOS/Differ.framework; sourceTree = "<group>"; };
		3CC2A10D229C5512009E9522 /* ReactiveKit.framework */ = {isa = PBXFileReference; lastKnownFileType = wrapper.framework; name = ReactiveKit.framework; path = Carthage/Build/iOS/ReactiveKit.framework; sourceTree = "<group>"; };
		3CC2A111229E1063009E9522 /* LocationManager.swift */ = {isa = PBXFileReference; lastKnownFileType = sourcecode.swift; path = LocationManager.swift; sourceTree = "<group>"; };
		3CC2A114229E1837009E9522 /* Notifications+Name.swift */ = {isa = PBXFileReference; lastKnownFileType = sourcecode.swift; path = "Notifications+Name.swift"; sourceTree = "<group>"; };
		3CC2A118229F6334009E9522 /* UIViewController+Utils.swift */ = {isa = PBXFileReference; lastKnownFileType = sourcecode.swift; path = "UIViewController+Utils.swift"; sourceTree = "<group>"; };
		3CC2A11F229F6DEB009E9522 /* TabBarMenuController.swift */ = {isa = PBXFileReference; lastKnownFileType = sourcecode.swift; name = TabBarMenuController.swift; path = ../Base/TabBarMenuController.swift; sourceTree = "<group>"; };
		3CC2A120229F6DEB009E9522 /* TabBarMenuController.xib */ = {isa = PBXFileReference; lastKnownFileType = file.xib; name = TabBarMenuController.xib; path = ../Base/TabBarMenuController.xib; sourceTree = "<group>"; };
		3CC2A125229F720D009E9522 /* BRCoordinator.swift */ = {isa = PBXFileReference; lastKnownFileType = sourcecode.swift; path = BRCoordinator.swift; sourceTree = "<group>"; };
		3CC2A128229F7FFF009E9522 /* TabBarMenuCoordinator.swift */ = {isa = PBXFileReference; lastKnownFileType = sourcecode.swift; path = TabBarMenuCoordinator.swift; sourceTree = "<group>"; };
		3CC2A12A229F843F009E9522 /* TabBarMenuViewModel.swift */ = {isa = PBXFileReference; lastKnownFileType = sourcecode.swift; path = TabBarMenuViewModel.swift; sourceTree = "<group>"; };
		3CC2A12E22A0603E009E9522 /* BRNavigationController.swift */ = {isa = PBXFileReference; lastKnownFileType = sourcecode.swift; path = BRNavigationController.swift; sourceTree = "<group>"; };
		3CC2A13022A08B51009E9522 /* UIColor+Utils.swift */ = {isa = PBXFileReference; lastKnownFileType = sourcecode.swift; path = "UIColor+Utils.swift"; sourceTree = "<group>"; };
		3CC2A13322A0BFD5009E9522 /* JournalCoordinator.swift */ = {isa = PBXFileReference; lastKnownFileType = sourcecode.swift; path = JournalCoordinator.swift; sourceTree = "<group>"; };
		3CC2A13522A0C022009E9522 /* JournalViewController.swift */ = {isa = PBXFileReference; lastKnownFileType = sourcecode.swift; path = JournalViewController.swift; sourceTree = "<group>"; };
		3CC2A13622A0C022009E9522 /* JournalViewController.xib */ = {isa = PBXFileReference; lastKnownFileType = file.xib; path = JournalViewController.xib; sourceTree = "<group>"; };
		3CC2A13922A0C030009E9522 /* JournalViewModel.swift */ = {isa = PBXFileReference; lastKnownFileType = sourcecode.swift; path = JournalViewModel.swift; sourceTree = "<group>"; };
		3CC2A13B22A231D0009E9522 /* BRTabBarController.swift */ = {isa = PBXFileReference; lastKnownFileType = sourcecode.swift; path = BRTabBarController.swift; sourceTree = "<group>"; };
		3CC2A13D22A2340F009E9522 /* BRViewController.swift */ = {isa = PBXFileReference; lastKnownFileType = sourcecode.swift; path = BRViewController.swift; sourceTree = "<group>"; };
		3CC2A14022A2E3BC009E9522 /* EntryViewModel.swift */ = {isa = PBXFileReference; lastKnownFileType = sourcecode.swift; path = EntryViewModel.swift; sourceTree = "<group>"; };
		3CC2A14822A45DE8009E9522 /* ReusableView.swift */ = {isa = PBXFileReference; lastKnownFileType = sourcecode.swift; path = ReusableView.swift; sourceTree = "<group>"; };
		3CC2A14A22A47E14009E9522 /* NibLoadable.swift */ = {isa = PBXFileReference; lastKnownFileType = sourcecode.swift; path = NibLoadable.swift; sourceTree = "<group>"; };
		3CC2A14C22A4AEB9009E9522 /* UICollectionView+Utils.swift */ = {isa = PBXFileReference; lastKnownFileType = sourcecode.swift; path = "UICollectionView+Utils.swift"; sourceTree = "<group>"; };
		3CC2A14E22A4B093009E9522 /* EntryCell.swift */ = {isa = PBXFileReference; lastKnownFileType = sourcecode.swift; path = EntryCell.swift; sourceTree = "<group>"; };
		3CC2A14F22A4B093009E9522 /* EntryCell.xib */ = {isa = PBXFileReference; lastKnownFileType = file.xib; path = EntryCell.xib; sourceTree = "<group>"; };
		3CC2A16222A58878009E9522 /* ResizableView.swift */ = {isa = PBXFileReference; lastKnownFileType = sourcecode.swift; path = ResizableView.swift; sourceTree = "<group>"; };
		3CCB8B5F228A518A0047C609 /* BRServices.swift */ = {isa = PBXFileReference; lastKnownFileType = sourcecode.swift; path = BRServices.swift; sourceTree = "<group>"; };
		3CCB8B63228A58D20047C609 /* Alamofire.framework */ = {isa = PBXFileReference; lastKnownFileType = wrapper.framework; name = Alamofire.framework; path = Carthage/Build/iOS/Alamofire.framework; sourceTree = "<group>"; };
		3CD7006422B70B0700900FD3 /* BRViewModel.swift */ = {isa = PBXFileReference; lastKnownFileType = sourcecode.swift; path = BRViewModel.swift; sourceTree = "<group>"; };
		3CD7006C22B9646800900FD3 /* BeerMeTests.xctest */ = {isa = PBXFileReference; explicitFileType = wrapper.cfbundle; includeInIndex = 0; path = BeerMeTests.xctest; sourceTree = BUILT_PRODUCTS_DIR; };
		3CD7006E22B9646800900FD3 /* BeerMeTests.swift */ = {isa = PBXFileReference; lastKnownFileType = sourcecode.swift; path = BeerMeTests.swift; sourceTree = "<group>"; };
		3CD7007022B9646800900FD3 /* Info.plist */ = {isa = PBXFileReference; lastKnownFileType = text.plist.xml; path = Info.plist; sourceTree = "<group>"; };
		3CD7007622B964DF00900FD3 /* BRUnitTest.swift */ = {isa = PBXFileReference; lastKnownFileType = sourcecode.swift; path = BRUnitTest.swift; sourceTree = "<group>"; };
		3CD7007A22B9E2DB00900FD3 /* MockDataStore.swift */ = {isa = PBXFileReference; lastKnownFileType = sourcecode.swift; path = MockDataStore.swift; sourceTree = "<group>"; };
		3CD7007C22B9E45200900FD3 /* MockJournalCoordinator.swift */ = {isa = PBXFileReference; lastKnownFileType = sourcecode.swift; path = MockJournalCoordinator.swift; sourceTree = "<group>"; };
		3CD7007E22BA83C400900FD3 /* HTTPHeaderFields.swift */ = {isa = PBXFileReference; fileEncoding = 4; lastKnownFileType = sourcecode.swift; path = HTTPHeaderFields.swift; sourceTree = "<group>"; };
/* End PBXFileReference section */

/* Begin PBXFrameworksBuildPhase section */
		3CAC34382288CA2C005826FE /* Frameworks */ = {
			isa = PBXFrameworksBuildPhase;
			buildActionMask = 2147483647;
			files = (
				3CC2A10A229C54F6009E9522 /* Bond.framework in Frameworks */,
				3CCB8B64228A58D20047C609 /* Alamofire.framework in Frameworks */,
				3CC2A10C229C550A009E9522 /* Differ.framework in Frameworks */,
				3CC2A10E229C5512009E9522 /* ReactiveKit.framework in Frameworks */,
			);
			runOnlyForDeploymentPostprocessing = 0;
		};
		3CD7006922B9646800900FD3 /* Frameworks */ = {
			isa = PBXFrameworksBuildPhase;
			buildActionMask = 2147483647;
			files = (
			);
			runOnlyForDeploymentPostprocessing = 0;
		};
/* End PBXFrameworksBuildPhase section */

/* Begin PBXGroup section */
		3C4AD6F92294F5FB002188AD /* Brewery */ = {
			isa = PBXGroup;
			children = (
				3C4AD6FA2294F60A002188AD /* BreweryManager.swift */,
			);
			path = Brewery;
			sourceTree = "<group>";
		};
		3C4EE0B822AB013200F35DEF /* TextViewCell */ = {
			isa = PBXGroup;
			children = (
				3C4EE0CB22AB021D00F35DEF /* TextCellRouterProtocol.swift */,
				3C4EE0CD22AB021D00F35DEF /* TextCellViewModel.swift */,
				3C4EE0CA22AB021D00F35DEF /* TextCellViewModelDelegate.swift */,
				3C4EE0CC22AB021D00F35DEF /* TextViewCell.swift */,
				3C4EE0C922AB021C00F35DEF /* TextViewCell.xib */,
			);
			path = TextViewCell;
			sourceTree = "<group>";
		};
		3C4EE0B922AB013200F35DEF /* GroupedCell */ = {
			isa = PBXGroup;
			children = (
				3C4EE0BA22AB013200F35DEF /* GroupedCell.swift */,
				3C4EE0BB22AB013200F35DEF /* GroupedFooterSection.swift */,
				3C4EE0BC22AB013200F35DEF /* GroupedHeaderSection.swift */,
				3C4EE0BD22AB013200F35DEF /* GroupedHeaderSection.xib */,
				3C4EE0BE22AB013200F35DEF /* GroupedFooterSection.xib */,
			);
			path = GroupedCell;
			sourceTree = "<group>";
		};
		3C4EE0BF22AB013200F35DEF /* TextFieldCell */ = {
			isa = PBXGroup;
			children = (
				3C4EE0C522AB020200F35DEF /* TextFieldCell.swift */,
				3C4EE0C622AB020200F35DEF /* TextFieldCell.xib */,
			);
			path = TextFieldCell;
			sourceTree = "<group>";
		};
		3C4EE0D922B03FD900F35DEF /* Strings */ = {
			isa = PBXGroup;
			children = (
				3C4EE0DA22B040A400F35DEF /* BeerMeStrings.swift */,
				3C4EE0DC22B0418D00F35DEF /* Localizable.strings */,
			);
			path = Strings;
			sourceTree = "<group>";
		};
		3C6C618F22A610D5005C2AA7 /* Annotations */ = {
			isa = PBXGroup;
			children = (
				3C4AD6FC2295B0D0002188AD /* MapLocationViewModel.swift */,
			);
			path = Annotations;
			sourceTree = "<group>";
		};
		3C6C619722A99395005C2AA7 /* JournalCreate */ = {
			isa = PBXGroup;
			children = (
				3C6C619922A9996F005C2AA7 /* JournalCreateViewController.xib */,
				3C6C619822A9996F005C2AA7 /* JournalCreateViewController.swift */,
				3C6C619C22A99982005C2AA7 /* JournalCreateViewModel.swift */,
				3C4EE0D522AC200900F35DEF /* JournalCreateCoordinatorProtocol.swift */,
			);
			name = JournalCreate;
			path = Base/JournalCreate;
			sourceTree = "<group>";
		};
		3CAC34322288CA2B005826FE = {
			isa = PBXGroup;
			children = (
				3CAC343D2288CA2C005826FE /* BeerMe */,
				3CD7006D22B9646800900FD3 /* BeerMeTests */,
				3CAC343C2288CA2C005826FE /* Products */,
				3CCB8B62228A58D20047C609 /* Frameworks */,
			);
			sourceTree = "<group>";
		};
		3CAC343C2288CA2C005826FE /* Products */ = {
			isa = PBXGroup;
			children = (
				3CAC343B2288CA2C005826FE /* BeerMe.app */,
				3CD7006C22B9646800900FD3 /* BeerMeTests.xctest */,
			);
			name = Products;
			sourceTree = "<group>";
		};
		3CAC343D2288CA2C005826FE /* BeerMe */ = {
			isa = PBXGroup;
			children = (
				3CB49006228E6EB3002307C9 /* App */,
				3CAC34502288CA5F005826FE /* Components */,
				3CC2A113229E1801009E9522 /* Extensions */,
				3CCB8B59228A49010047C609 /* Managers */,
				3CCB8B58228A48F90047C609 /* Models */,
				3CB48FFA228BA6CC002307C9 /* Protocols */,
				3CCB8B5A228A49290047C609 /* Shared */,
				3CAC34452288CA2F005826FE /* Assets.xcassets */,
				3CAC34472288CA2F005826FE /* LaunchScreen.storyboard */,
				3CAC344A2288CA2F005826FE /* Info.plist */,
			);
			path = BeerMe;
			sourceTree = "<group>";
		};
		3CAC34502288CA5F005826FE /* Components */ = {
			isa = PBXGroup;
			children = (
				3CB48FFF228BCE55002307C9 /* Base */,
				3C6C619722A99395005C2AA7 /* JournalCreate */,
				3CC2A13222A0BFA7009E9522 /* Journal */,
				3CAC34582288D464005826FE /* Map */,
				3CC2A127229F7C7D009E9522 /* TabBarMenu */,
			);
			path = Components;
			sourceTree = "<group>";
		};
		3CAC34582288D464005826FE /* Map */ = {
			isa = PBXGroup;
			children = (
				3C6C618F22A610D5005C2AA7 /* Annotations */,
				3CAC34602288D592005826FE /* MapViewController.xib */,
				3CAC345F2288D592005826FE /* MapViewController.swift */,
				3CAC34632288D5A1005826FE /* MapViewModel.swift */,
				3CB49002228CF344002307C9 /* MapCoordinator.swift */,
			);
			path = Map;
			sourceTree = "<group>";
		};
		3CB48FF7228B8F59002307C9 /* DataStore */ = {
			isa = PBXGroup;
			children = (
				3CB48FF8228B9047002307C9 /* DataStore.swift */,
			);
			path = DataStore;
			sourceTree = "<group>";
		};
		3CB48FFA228BA6CC002307C9 /* Protocols */ = {
			isa = PBXGroup;
			children = (
				3CC2A14822A45DE8009E9522 /* ReusableView.swift */,
				3CC2A14A22A47E14009E9522 /* NibLoadable.swift */,
				3CC2A16222A58878009E9522 /* ResizableView.swift */,
				3C4EE0D722B03D9C00F35DEF /* Localizable.swift */,
			);
			path = Protocols;
			sourceTree = "<group>";
		};
		3CB48FFF228BCE55002307C9 /* Base */ = {
			isa = PBXGroup;
			children = (
				3CC2A12E22A0603E009E9522 /* BRNavigationController.swift */,
				3CC2A13B22A231D0009E9522 /* BRTabBarController.swift */,
				3CC2A125229F720D009E9522 /* BRCoordinator.swift */,
				3CC2A13D22A2340F009E9522 /* BRViewController.swift */,
				3CD7006422B70B0700900FD3 /* BRViewModel.swift */,
			);
			path = Base;
			sourceTree = "<group>";
		};
		3CB49006228E6EB3002307C9 /* App */ = {
			isa = PBXGroup;
			children = (
				3CB48FFD228BA795002307C9 /* AppCoordinator.swift */,
				3CAC343E2288CA2C005826FE /* AppDelegate.swift */,
				3CB49004228E6E9D002307C9 /* AppEnvironment.swift */,
				3CB4900B2291F54E002307C9 /* AppSettings.swift */,
			);
			path = App;
			sourceTree = "<group>";
		};
		3CB49007228E717A002307C9 /* Base */ = {
			isa = PBXGroup;
			children = (
				3CCB8B5F228A518A0047C609 /* BRServices.swift */,
				3C4AD6FE229743EB002188AD /* BRRequest.swift */,
			);
			path = Base;
			sourceTree = "<group>";
		};
		3CB49008228E718B002307C9 /* Location */ = {
			isa = PBXGroup;
			children = (
				3CB49009228E71D6002307C9 /* LocationServices.swift */,
			);
			path = Location;
			sourceTree = "<group>";
		};
		3CC2A110229E1053009E9522 /* Location */ = {
			isa = PBXGroup;
			children = (
				3CC2A111229E1063009E9522 /* LocationManager.swift */,
			);
			path = Location;
			sourceTree = "<group>";
		};
		3CC2A113229E1801009E9522 /* Extensions */ = {
			isa = PBXGroup;
			children = (
				3CC2A114229E1837009E9522 /* Notifications+Name.swift */,
				3CC2A118229F6334009E9522 /* UIViewController+Utils.swift */,
				3CC2A13022A08B51009E9522 /* UIColor+Utils.swift */,
				3CC2A14C22A4AEB9009E9522 /* UICollectionView+Utils.swift */,
				3C6C619522A8D8AB005C2AA7 /* UIApplication+Utils.swift */,
			);
			path = Extensions;
			sourceTree = "<group>";
		};
		3CC2A127229F7C7D009E9522 /* TabBarMenu */ = {
			isa = PBXGroup;
			children = (
				3CC2A120229F6DEB009E9522 /* TabBarMenuController.xib */,
				3CC2A11F229F6DEB009E9522 /* TabBarMenuController.swift */,
				3CC2A12A229F843F009E9522 /* TabBarMenuViewModel.swift */,
				3CC2A128229F7FFF009E9522 /* TabBarMenuCoordinator.swift */,
			);
			path = TabBarMenu;
			sourceTree = "<group>";
		};
		3CC2A13222A0BFA7009E9522 /* Journal */ = {
			isa = PBXGroup;
			children = (
				3CC2A13F22A2E265009E9522 /* Cells */,
				3CC2A13622A0C022009E9522 /* JournalViewController.xib */,
				3CC2A13522A0C022009E9522 /* JournalViewController.swift */,
				3CC2A13922A0C030009E9522 /* JournalViewModel.swift */,
				3CC2A13322A0BFD5009E9522 /* JournalCoordinator.swift */,
			);
			path = Journal;
			sourceTree = "<group>";
		};
		3CC2A13F22A2E265009E9522 /* Cells */ = {
			isa = PBXGroup;
			children = (
				3CC2A14022A2E3BC009E9522 /* EntryViewModel.swift */,
				3CC2A14E22A4B093009E9522 /* EntryCell.swift */,
				3CC2A14F22A4B093009E9522 /* EntryCell.xib */,
			);
			path = Cells;
			sourceTree = "<group>";
		};
		3CC2A15222A4B29A009E9522 /* HTTPHeaderFields */ = {
			isa = PBXGroup;
			children = (
				3CD7007E22BA83C400900FD3 /* HTTPHeaderFields.swift */,
			);
			path = HTTPHeaderFields;
			sourceTree = "<group>";
		};
		3CCB8B58228A48F90047C609 /* Models */ = {
			isa = PBXGroup;
			children = (
				3CB4900D2291F8FB002307C9 /* Brewery.swift */,
				3C4EE0D322AB0ADC00F35DEF /* JournalEntry.swift */,
			);
			path = Models;
			sourceTree = "<group>";
		};
		3CCB8B59228A49010047C609 /* Managers */ = {
			isa = PBXGroup;
			children = (
				3C4AD6F92294F5FB002188AD /* Brewery */,
				3CB48FF7228B8F59002307C9 /* DataStore */,
				3CC2A110229E1053009E9522 /* Location */,
				3CCB8B5E228A517A0047C609 /* Services */,
			);
			path = Managers;
			sourceTree = "<group>";
		};
		3CCB8B5A228A49290047C609 /* Shared */ = {
			isa = PBXGroup;
			children = (
				3C4EE0D922B03FD900F35DEF /* Strings */,
				3C4EE0B922AB013200F35DEF /* GroupedCell */,
				3C4EE0BF22AB013200F35DEF /* TextFieldCell */,
				3C4EE0B822AB013200F35DEF /* TextViewCell */,
				3CC2A15222A4B29A009E9522 /* HTTPHeaderFields */,
			);
			path = Shared;
			sourceTree = "<group>";
		};
		3CCB8B5E228A517A0047C609 /* Services */ = {
			isa = PBXGroup;
			children = (
				3CB49007228E717A002307C9 /* Base */,
				3CB49008228E718B002307C9 /* Location */,
			);
			path = Services;
			sourceTree = "<group>";
		};
		3CCB8B62228A58D20047C609 /* Frameworks */ = {
			isa = PBXGroup;
			children = (
				3CC2A10D229C5512009E9522 /* ReactiveKit.framework */,
				3CC2A10B229C550A009E9522 /* Differ.framework */,
				3CC2A109229C54F6009E9522 /* Bond.framework */,
				3CCB8B63228A58D20047C609 /* Alamofire.framework */,
			);
			name = Frameworks;
			sourceTree = "<group>";
		};
		3CD7006D22B9646800900FD3 /* BeerMeTests */ = {
			isa = PBXGroup;
			children = (
				3CD7007922B9CC7900900FD3 /* Mocks */,
				3CD7007822B9CC4300900FD3 /* Tests */,
				3CD7007022B9646800900FD3 /* Info.plist */,
			);
			path = BeerMeTests;
			sourceTree = "<group>";
		};
		3CD7007822B9CC4300900FD3 /* Tests */ = {
			isa = PBXGroup;
			children = (
				3CD7006E22B9646800900FD3 /* BeerMeTests.swift */,
				3CD7007622B964DF00900FD3 /* BRUnitTest.swift */,
			);
			path = Tests;
			sourceTree = "<group>";
		};
		3CD7007922B9CC7900900FD3 /* Mocks */ = {
			isa = PBXGroup;
			children = (
				3CD7007A22B9E2DB00900FD3 /* MockDataStore.swift */,
				3CD7007C22B9E45200900FD3 /* MockJournalCoordinator.swift */,
			);
			path = Mocks;
			sourceTree = "<group>";
		};
/* End PBXGroup section */

/* Begin PBXNativeTarget section */
		3CAC343A2288CA2C005826FE /* BeerMe */ = {
			isa = PBXNativeTarget;
			buildConfigurationList = 3CAC344D2288CA2F005826FE /* Build configuration list for PBXNativeTarget "BeerMe" */;
			buildPhases = (
				3CAC34372288CA2C005826FE /* Sources */,
				3CAC34382288CA2C005826FE /* Frameworks */,
				3CAC34392288CA2C005826FE /* Resources */,
				3CCB8B61228A58310047C609 /* ShellScript */,
			);
			buildRules = (
			);
			dependencies = (
			);
			name = BeerMe;
			productName = BeerMe;
			productReference = 3CAC343B2288CA2C005826FE /* BeerMe.app */;
			productType = "com.apple.product-type.application";
		};
		3CD7006B22B9646800900FD3 /* BeerMeTests */ = {
			isa = PBXNativeTarget;
			buildConfigurationList = 3CD7007322B9646800900FD3 /* Build configuration list for PBXNativeTarget "BeerMeTests" */;
			buildPhases = (
				3CD7006822B9646800900FD3 /* Sources */,
				3CD7006922B9646800900FD3 /* Frameworks */,
				3CD7006A22B9646800900FD3 /* Resources */,
			);
			buildRules = (
			);
			dependencies = (
				3CD7007222B9646800900FD3 /* PBXTargetDependency */,
			);
			name = BeerMeTests;
			productName = BeerMeTests;
			productReference = 3CD7006C22B9646800900FD3 /* BeerMeTests.xctest */;
			productType = "com.apple.product-type.bundle.unit-test";
		};
/* End PBXNativeTarget section */

/* Begin PBXProject section */
		3CAC34332288CA2B005826FE /* Project object */ = {
			isa = PBXProject;
			attributes = {
				LastSwiftUpdateCheck = 1020;
				LastUpgradeCheck = 1010;
				ORGANIZATIONNAME = Sapphire;
				TargetAttributes = {
					3CAC343A2288CA2C005826FE = {
						CreatedOnToolsVersion = 10.1;
					};
					3CD7006B22B9646800900FD3 = {
						CreatedOnToolsVersion = 10.2.1;
						TestTargetID = 3CAC343A2288CA2C005826FE;
					};
				};
			};
			buildConfigurationList = 3CAC34362288CA2B005826FE /* Build configuration list for PBXProject "BeerMe" */;
			compatibilityVersion = "Xcode 9.3";
			developmentRegion = en;
			hasScannedForEncodings = 0;
			knownRegions = (
				en,
				Base,
			);
			mainGroup = 3CAC34322288CA2B005826FE;
			productRefGroup = 3CAC343C2288CA2C005826FE /* Products */;
			projectDirPath = "";
			projectRoot = "";
			targets = (
				3CAC343A2288CA2C005826FE /* BeerMe */,
				3CD7006B22B9646800900FD3 /* BeerMeTests */,
			);
		};
/* End PBXProject section */

/* Begin PBXResourcesBuildPhase section */
		3CAC34392288CA2C005826FE /* Resources */ = {
			isa = PBXResourcesBuildPhase;
			buildActionMask = 2147483647;
			files = (
				3CC2A15122A4B093009E9522 /* EntryCell.xib in Resources */,
				3C4EE0DD22B0418D00F35DEF /* Localizable.strings in Resources */,
				3C6C619B22A9996F005C2AA7 /* JournalCreateViewController.xib in Resources */,
				3CC2A122229F6DEB009E9522 /* TabBarMenuController.xib in Resources */,
				3CAC34492288CA2F005826FE /* LaunchScreen.storyboard in Resources */,
				3C4EE0CE22AB021D00F35DEF /* TextViewCell.xib in Resources */,
				3CC2A13822A0C022009E9522 /* JournalViewController.xib in Resources */,
				3C4EE0C422AB013200F35DEF /* GroupedFooterSection.xib in Resources */,
				3C4EE0C322AB013200F35DEF /* GroupedHeaderSection.xib in Resources */,
				3C4EE0C822AB020200F35DEF /* TextFieldCell.xib in Resources */,
				3CAC34462288CA2F005826FE /* Assets.xcassets in Resources */,
				3CAC34622288D592005826FE /* MapViewController.xib in Resources */,
			);
			runOnlyForDeploymentPostprocessing = 0;
		};
		3CD7006A22B9646800900FD3 /* Resources */ = {
			isa = PBXResourcesBuildPhase;
			buildActionMask = 2147483647;
			files = (
			);
			runOnlyForDeploymentPostprocessing = 0;
		};
/* End PBXResourcesBuildPhase section */

/* Begin PBXShellScriptBuildPhase section */
		3CCB8B61228A58310047C609 /* ShellScript */ = {
			isa = PBXShellScriptBuildPhase;
			buildActionMask = 2147483647;
			files = (
			);
			inputFileListPaths = (
			);
			inputPaths = (
				"$(SRCROOT)/Carthage/Build/iOS/Alamofire.framework",
				"$(SRCROOT)/Carthage/Build/iOS/Bond.framework",
				"$(SRCROOT)/Carthage/Build/iOS/ReactiveKit.framework",
				"$(SRCROOT)/Carthage/Build/iOS/Differ.framework",
			);
			outputFileListPaths = (
			);
			outputPaths = (
			);
			runOnlyForDeploymentPostprocessing = 0;
			shellPath = /bin/sh;
			shellScript = "/usr/local/bin/carthage copy-frameworks\n\n";
		};
/* End PBXShellScriptBuildPhase section */

/* Begin PBXSourcesBuildPhase section */
		3CAC34372288CA2C005826FE /* Sources */ = {
			isa = PBXSourcesBuildPhase;
			buildActionMask = 2147483647;
			files = (
				3CC2A121229F6DEB009E9522 /* TabBarMenuController.swift in Sources */,
				3CC2A14B22A47E14009E9522 /* NibLoadable.swift in Sources */,
				3CD7007F22BA83C400900FD3 /* HTTPHeaderFields.swift in Sources */,
				3CB49003228CF344002307C9 /* MapCoordinator.swift in Sources */,
				3C4EE0D622AC200900F35DEF /* JournalCreateCoordinatorProtocol.swift in Sources */,
				3CC2A112229E1063009E9522 /* LocationManager.swift in Sources */,
				3CAC34612288D592005826FE /* MapViewController.swift in Sources */,
				3CC2A12F22A0603E009E9522 /* BRNavigationController.swift in Sources */,
				3CD7006522B70B0700900FD3 /* BRViewModel.swift in Sources */,
				3CB4900C2291F54E002307C9 /* AppSettings.swift in Sources */,
				3CC2A119229F6335009E9522 /* UIViewController+Utils.swift in Sources */,
				3CC2A126229F720D009E9522 /* BRCoordinator.swift in Sources */,
				3CAC343F2288CA2C005826FE /* AppDelegate.swift in Sources */,
				3C4EE0C122AB013200F35DEF /* GroupedFooterSection.swift in Sources */,
				3C4EE0C022AB013200F35DEF /* GroupedCell.swift in Sources */,
				3CC2A16322A58879009E9522 /* ResizableView.swift in Sources */,
				3CC2A129229F7FFF009E9522 /* TabBarMenuCoordinator.swift in Sources */,
				3C4EE0D122AB021D00F35DEF /* TextViewCell.swift in Sources */,
				3CAC34642288D5A1005826FE /* MapViewModel.swift in Sources */,
				3C4EE0C722AB020200F35DEF /* TextFieldCell.swift in Sources */,
				3C6C619A22A9996F005C2AA7 /* JournalCreateViewController.swift in Sources */,
				3CC2A13A22A0C030009E9522 /* JournalViewModel.swift in Sources */,
				3CB4900E2291F8FB002307C9 /* Brewery.swift in Sources */,
				3CC2A14922A45DE8009E9522 /* ReusableView.swift in Sources */,
				3CC2A12B229F843F009E9522 /* TabBarMenuViewModel.swift in Sources */,
				3CB49005228E6E9D002307C9 /* AppEnvironment.swift in Sources */,
				3C6C619D22A99982005C2AA7 /* JournalCreateViewModel.swift in Sources */,
				3CC2A15022A4B093009E9522 /* EntryCell.swift in Sources */,
				3C4AD6FB2294F60A002188AD /* BreweryManager.swift in Sources */,
				3CB48FF9228B9047002307C9 /* DataStore.swift in Sources */,
				3C4EE0D022AB021D00F35DEF /* TextCellRouterProtocol.swift in Sources */,
				3C4EE0D222AB021D00F35DEF /* TextCellViewModel.swift in Sources */,
				3C4EE0D822B03D9C00F35DEF /* Localizable.swift in Sources */,
				3C6C619622A8D8AB005C2AA7 /* UIApplication+Utils.swift in Sources */,
				3CC2A13C22A231D0009E9522 /* BRTabBarController.swift in Sources */,
				3C4EE0CF22AB021D00F35DEF /* TextCellViewModelDelegate.swift in Sources */,
				3CC2A13122A08B51009E9522 /* UIColor+Utils.swift in Sources */,
				3CCB8B60228A518A0047C609 /* BRServices.swift in Sources */,
				3CC2A14122A2E3BC009E9522 /* EntryViewModel.swift in Sources */,
				3CC2A14D22A4AEB9009E9522 /* UICollectionView+Utils.swift in Sources */,
				3C4AD6FF229743EB002188AD /* BRRequest.swift in Sources */,
				3CC2A13422A0BFD5009E9522 /* JournalCoordinator.swift in Sources */,
				3C4EE0C222AB013200F35DEF /* GroupedHeaderSection.swift in Sources */,
				3CC2A13E22A2340F009E9522 /* BRViewController.swift in Sources */,
				3C4EE0D422AB0ADC00F35DEF /* JournalEntry.swift in Sources */,
				3CB48FFE228BA795002307C9 /* AppCoordinator.swift in Sources */,
				3CB4900A228E71D6002307C9 /* LocationServices.swift in Sources */,
				3C4AD6FD2295B0D0002188AD /* MapLocationViewModel.swift in Sources */,
				3CC2A13722A0C022009E9522 /* JournalViewController.swift in Sources */,
				3C4EE0DB22B040A400F35DEF /* BeerMeStrings.swift in Sources */,
				3CC2A115229E1837009E9522 /* Notifications+Name.swift in Sources */,
			);
			runOnlyForDeploymentPostprocessing = 0;
		};
		3CD7006822B9646800900FD3 /* Sources */ = {
			isa = PBXSourcesBuildPhase;
			buildActionMask = 2147483647;
			files = (
				3CD7007D22B9E45200900FD3 /* MockJournalCoordinator.swift in Sources */,
				3CD7006F22B9646800900FD3 /* BeerMeTests.swift in Sources */,
				3CD7007B22B9E2DB00900FD3 /* MockDataStore.swift in Sources */,
				3CD7007722B964DF00900FD3 /* BRUnitTest.swift in Sources */,
			);
			runOnlyForDeploymentPostprocessing = 0;
		};
/* End PBXSourcesBuildPhase section */

/* Begin PBXTargetDependency section */
		3CD7007222B9646800900FD3 /* PBXTargetDependency */ = {
			isa = PBXTargetDependency;
			target = 3CAC343A2288CA2C005826FE /* BeerMe */;
			targetProxy = 3CD7007122B9646800900FD3 /* PBXContainerItemProxy */;
		};
/* End PBXTargetDependency section */

/* Begin PBXVariantGroup section */
		3CAC34472288CA2F005826FE /* LaunchScreen.storyboard */ = {
			isa = PBXVariantGroup;
			children = (
				3CAC34482288CA2F005826FE /* Base */,
			);
			name = LaunchScreen.storyboard;
			sourceTree = "<group>";
		};
/* End PBXVariantGroup section */

/* Begin XCBuildConfiguration section */
		3CAC344B2288CA2F005826FE /* Debug */ = {
			isa = XCBuildConfiguration;
			buildSettings = {
				ALWAYS_SEARCH_USER_PATHS = NO;
				CLANG_ANALYZER_NONNULL = YES;
				CLANG_ANALYZER_NUMBER_OBJECT_CONVERSION = YES_AGGRESSIVE;
				CLANG_CXX_LANGUAGE_STANDARD = "gnu++14";
				CLANG_CXX_LIBRARY = "libc++";
				CLANG_ENABLE_MODULES = YES;
				CLANG_ENABLE_OBJC_ARC = YES;
				CLANG_ENABLE_OBJC_WEAK = YES;
				CLANG_WARN_BLOCK_CAPTURE_AUTORELEASING = YES;
				CLANG_WARN_BOOL_CONVERSION = YES;
				CLANG_WARN_COMMA = YES;
				CLANG_WARN_CONSTANT_CONVERSION = YES;
				CLANG_WARN_DEPRECATED_OBJC_IMPLEMENTATIONS = YES;
				CLANG_WARN_DIRECT_OBJC_ISA_USAGE = YES_ERROR;
				CLANG_WARN_DOCUMENTATION_COMMENTS = YES;
				CLANG_WARN_EMPTY_BODY = YES;
				CLANG_WARN_ENUM_CONVERSION = YES;
				CLANG_WARN_INFINITE_RECURSION = YES;
				CLANG_WARN_INT_CONVERSION = YES;
				CLANG_WARN_NON_LITERAL_NULL_CONVERSION = YES;
				CLANG_WARN_OBJC_IMPLICIT_RETAIN_SELF = YES;
				CLANG_WARN_OBJC_LITERAL_CONVERSION = YES;
				CLANG_WARN_OBJC_ROOT_CLASS = YES_ERROR;
				CLANG_WARN_RANGE_LOOP_ANALYSIS = YES;
				CLANG_WARN_STRICT_PROTOTYPES = YES;
				CLANG_WARN_SUSPICIOUS_MOVE = YES;
				CLANG_WARN_UNGUARDED_AVAILABILITY = YES_AGGRESSIVE;
				CLANG_WARN_UNREACHABLE_CODE = YES;
				CLANG_WARN__DUPLICATE_METHOD_MATCH = YES;
				CODE_SIGN_IDENTITY = "iPhone Developer";
				COPY_PHASE_STRIP = NO;
				DEBUG_INFORMATION_FORMAT = dwarf;
				ENABLE_STRICT_OBJC_MSGSEND = YES;
				ENABLE_TESTABILITY = YES;
				GCC_C_LANGUAGE_STANDARD = gnu11;
				GCC_DYNAMIC_NO_PIC = NO;
				GCC_NO_COMMON_BLOCKS = YES;
				GCC_OPTIMIZATION_LEVEL = 0;
				GCC_PREPROCESSOR_DEFINITIONS = (
					"DEBUG=1",
					"$(inherited)",
				);
				GCC_WARN_64_TO_32_BIT_CONVERSION = YES;
				GCC_WARN_ABOUT_RETURN_TYPE = YES_ERROR;
				GCC_WARN_UNDECLARED_SELECTOR = YES;
				GCC_WARN_UNINITIALIZED_AUTOS = YES_AGGRESSIVE;
				GCC_WARN_UNUSED_FUNCTION = YES;
				GCC_WARN_UNUSED_VARIABLE = YES;
				IPHONEOS_DEPLOYMENT_TARGET = 12.1;
				MTL_ENABLE_DEBUG_INFO = INCLUDE_SOURCE;
				MTL_FAST_MATH = YES;
				ONLY_ACTIVE_ARCH = YES;
				SDKROOT = iphoneos;
				SWIFT_ACTIVE_COMPILATION_CONDITIONS = DEBUG;
				SWIFT_OPTIMIZATION_LEVEL = "-Onone";
			};
			name = Debug;
		};
		3CAC344C2288CA2F005826FE /* Release */ = {
			isa = XCBuildConfiguration;
			buildSettings = {
				ALWAYS_SEARCH_USER_PATHS = NO;
				CLANG_ANALYZER_NONNULL = YES;
				CLANG_ANALYZER_NUMBER_OBJECT_CONVERSION = YES_AGGRESSIVE;
				CLANG_CXX_LANGUAGE_STANDARD = "gnu++14";
				CLANG_CXX_LIBRARY = "libc++";
				CLANG_ENABLE_MODULES = YES;
				CLANG_ENABLE_OBJC_ARC = YES;
				CLANG_ENABLE_OBJC_WEAK = YES;
				CLANG_WARN_BLOCK_CAPTURE_AUTORELEASING = YES;
				CLANG_WARN_BOOL_CONVERSION = YES;
				CLANG_WARN_COMMA = YES;
				CLANG_WARN_CONSTANT_CONVERSION = YES;
				CLANG_WARN_DEPRECATED_OBJC_IMPLEMENTATIONS = YES;
				CLANG_WARN_DIRECT_OBJC_ISA_USAGE = YES_ERROR;
				CLANG_WARN_DOCUMENTATION_COMMENTS = YES;
				CLANG_WARN_EMPTY_BODY = YES;
				CLANG_WARN_ENUM_CONVERSION = YES;
				CLANG_WARN_INFINITE_RECURSION = YES;
				CLANG_WARN_INT_CONVERSION = YES;
				CLANG_WARN_NON_LITERAL_NULL_CONVERSION = YES;
				CLANG_WARN_OBJC_IMPLICIT_RETAIN_SELF = YES;
				CLANG_WARN_OBJC_LITERAL_CONVERSION = YES;
				CLANG_WARN_OBJC_ROOT_CLASS = YES_ERROR;
				CLANG_WARN_RANGE_LOOP_ANALYSIS = YES;
				CLANG_WARN_STRICT_PROTOTYPES = YES;
				CLANG_WARN_SUSPICIOUS_MOVE = YES;
				CLANG_WARN_UNGUARDED_AVAILABILITY = YES_AGGRESSIVE;
				CLANG_WARN_UNREACHABLE_CODE = YES;
				CLANG_WARN__DUPLICATE_METHOD_MATCH = YES;
				CODE_SIGN_IDENTITY = "iPhone Developer";
				COPY_PHASE_STRIP = NO;
				DEBUG_INFORMATION_FORMAT = "dwarf-with-dsym";
				ENABLE_NS_ASSERTIONS = NO;
				ENABLE_STRICT_OBJC_MSGSEND = YES;
				GCC_C_LANGUAGE_STANDARD = gnu11;
				GCC_NO_COMMON_BLOCKS = YES;
				GCC_WARN_64_TO_32_BIT_CONVERSION = YES;
				GCC_WARN_ABOUT_RETURN_TYPE = YES_ERROR;
				GCC_WARN_UNDECLARED_SELECTOR = YES;
				GCC_WARN_UNINITIALIZED_AUTOS = YES_AGGRESSIVE;
				GCC_WARN_UNUSED_FUNCTION = YES;
				GCC_WARN_UNUSED_VARIABLE = YES;
				IPHONEOS_DEPLOYMENT_TARGET = 12.1;
				MTL_ENABLE_DEBUG_INFO = NO;
				MTL_FAST_MATH = YES;
				SDKROOT = iphoneos;
				SWIFT_COMPILATION_MODE = wholemodule;
				SWIFT_OPTIMIZATION_LEVEL = "-O";
				VALIDATE_PRODUCT = YES;
			};
			name = Release;
		};
		3CAC344E2288CA2F005826FE /* Debug */ = {
			isa = XCBuildConfiguration;
			buildSettings = {
				ASSETCATALOG_COMPILER_APPICON_NAME = AppIcon;
				CODE_SIGN_STYLE = Automatic;
				DEVELOPMENT_TEAM = VYNB75QGUJ;
				FRAMEWORK_SEARCH_PATHS = (
					"$(inherited)",
					"$(PROJECT_DIR)/Carthage/Build/iOS",
				);
				INFOPLIST_FILE = BeerMe/Info.plist;
				LD_RUNPATH_SEARCH_PATHS = (
					"$(inherited)",
					"@executable_path/Frameworks",
				);
				PRODUCT_BUNDLE_IDENTIFIER = com.sapphire.BeerMe;
				PRODUCT_NAME = "$(TARGET_NAME)";
				SWIFT_VERSION = 4.2;
				TARGETED_DEVICE_FAMILY = "1,2";
			};
			name = Debug;
		};
		3CAC344F2288CA2F005826FE /* Release */ = {
			isa = XCBuildConfiguration;
			buildSettings = {
				ASSETCATALOG_COMPILER_APPICON_NAME = AppIcon;
				CODE_SIGN_STYLE = Automatic;
				DEVELOPMENT_TEAM = VYNB75QGUJ;
				FRAMEWORK_SEARCH_PATHS = (
					"$(inherited)",
					"$(PROJECT_DIR)/Carthage/Build/iOS",
				);
				INFOPLIST_FILE = BeerMe/Info.plist;
				LD_RUNPATH_SEARCH_PATHS = (
					"$(inherited)",
					"@executable_path/Frameworks",
				);
				PRODUCT_BUNDLE_IDENTIFIER = com.sapphire.BeerMe;
				PRODUCT_NAME = "$(TARGET_NAME)";
				SWIFT_VERSION = 4.2;
				TARGETED_DEVICE_FAMILY = "1,2";
			};
			name = Release;
		};
		3CD7007422B9646800900FD3 /* Debug */ = {
			isa = XCBuildConfiguration;
			buildSettings = {
				BUNDLE_LOADER = "$(TEST_HOST)";
				CODE_SIGN_STYLE = Automatic;
				INFOPLIST_FILE = BeerMeTests/Info.plist;
				IPHONEOS_DEPLOYMENT_TARGET = 12.2;
				LD_RUNPATH_SEARCH_PATHS = (
					"$(inherited)",
					"@executable_path/Frameworks",
					"@loader_path/Frameworks",
				);
				PRODUCT_BUNDLE_IDENTIFIER = com.sapphire.BeerMeTests;
				PRODUCT_NAME = "$(TARGET_NAME)";
				SWIFT_VERSION = 5.0;
				TARGETED_DEVICE_FAMILY = "1,2";
				TEST_HOST = "$(BUILT_PRODUCTS_DIR)/BeerMe.app/BeerMe";
			};
			name = Debug;
		};
		3CD7007522B9646800900FD3 /* Release */ = {
			isa = XCBuildConfiguration;
			buildSettings = {
				BUNDLE_LOADER = "$(TEST_HOST)";
				CODE_SIGN_STYLE = Automatic;
				INFOPLIST_FILE = BeerMeTests/Info.plist;
				IPHONEOS_DEPLOYMENT_TARGET = 12.2;
				LD_RUNPATH_SEARCH_PATHS = (
					"$(inherited)",
					"@executable_path/Frameworks",
					"@loader_path/Frameworks",
				);
				PRODUCT_BUNDLE_IDENTIFIER = com.sapphire.BeerMeTests;
				PRODUCT_NAME = "$(TARGET_NAME)";
				SWIFT_VERSION = 5.0;
				TARGETED_DEVICE_FAMILY = "1,2";
				TEST_HOST = "$(BUILT_PRODUCTS_DIR)/BeerMe.app/BeerMe";
			};
			name = Release;
		};
/* End XCBuildConfiguration section */

/* Begin XCConfigurationList section */
		3CAC34362288CA2B005826FE /* Build configuration list for PBXProject "BeerMe" */ = {
			isa = XCConfigurationList;
			buildConfigurations = (
				3CAC344B2288CA2F005826FE /* Debug */,
				3CAC344C2288CA2F005826FE /* Release */,
			);
			defaultConfigurationIsVisible = 0;
			defaultConfigurationName = Release;
		};
		3CAC344D2288CA2F005826FE /* Build configuration list for PBXNativeTarget "BeerMe" */ = {
			isa = XCConfigurationList;
			buildConfigurations = (
				3CAC344E2288CA2F005826FE /* Debug */,
				3CAC344F2288CA2F005826FE /* Release */,
			);
			defaultConfigurationIsVisible = 0;
			defaultConfigurationName = Release;
		};
		3CD7007322B9646800900FD3 /* Build configuration list for PBXNativeTarget "BeerMeTests" */ = {
			isa = XCConfigurationList;
			buildConfigurations = (
				3CD7007422B9646800900FD3 /* Debug */,
				3CD7007522B9646800900FD3 /* Release */,
			);
			defaultConfigurationIsVisible = 0;
			defaultConfigurationName = Release;
		};
/* End XCConfigurationList section */
	};
	rootObject = 3CAC34332288CA2B005826FE /* Project object */;
}
